
Microsoft Visual Studio Solution File, Format Version 12.00
# Visual Studio Version 17
VisualStudioVersion = 17.5.33516.290
MinimumVisualStudioVersion = 10.0.40219.1
Project("{FAE04EC0-301F-11D3-BF4B-00C04F79EFBC}") = "SpaceJets", "SpaceJets.csproj", "{674B14C4-6FD3-452F-972F-29ABA8519B24}"
EndProject
Global
	GlobalSection(SolutionConfigurationPlatforms) = preSolution
		Debug|Any CPU = Debug|Any CPU
		Release|Any CPU = Release|Any CPU
	EndGlobalSection
	GlobalSection(ProjectConfigurationPlatforms) = postSolution
		{674B14C4-6FD3-452F-972F-29ABA8519B24}.Debug|Any CPU.ActiveCfg = Debug|Any CPU
		{674B14C4-6FD3-452F-972F-29ABA8519B24}.Debug|Any CPU.Build.0 = Debug|Any CPU
		{674B14C4-6FD3-452F-972F-29ABA8519B24}.Release|Any CPU.ActiveCfg = Release|Any CPU
		{674B14C4-6FD3-452F-972F-29ABA8519B24}.Release|Any CPU.Build.0 = Release|Any CPU
	EndGlobalSection
	GlobalSection(SolutionProperties) = preSolution
		HideSolutionNode = FALSE
	EndGlobalSection
	GlobalSection(ExtensibilityGlobals) = postSolution
		SolutionGuid = {B8332084-E201-471E-9157-CA9749FB0D29}
	EndGlobalSection
EndGlobal
